
Microsoft Visual Studio Solution File, Format Version 12.00
# Visual Studio Version 16
VisualStudioVersion = 16.0.29609.76
MinimumVisualStudioVersion = 10.0.40219.1
Project("{9A19103F-16F7-4668-BE54-9A1E7A4F7556}") = "AdventOfCode", "AdventOfCode\AdventOfCode.csproj", "{496066B8-1383-4D79-B214-A8AC6144B396}"
EndProject
Project("{FAE04EC0-301F-11D3-BF4B-00C04F79EFBC}") = "AdventOfCode_Tests", "AdventOfCode_Tests\AdventOfCode_Tests.csproj", "{EA436388-6F69-4B8D-8E29-66F06040E73C}"
EndProject
Global
	GlobalSection(SolutionConfigurationPlatforms) = preSolution
		Debug|Any CPU = Debug|Any CPU
		Release|Any CPU = Release|Any CPU
	EndGlobalSection
	GlobalSection(ProjectConfigurationPlatforms) = postSolution
		{496066B8-1383-4D79-B214-A8AC6144B396}.Debug|Any CPU.ActiveCfg = Debug|Any CPU
		{496066B8-1383-4D79-B214-A8AC6144B396}.Debug|Any CPU.Build.0 = Debug|Any CPU
		{496066B8-1383-4D79-B214-A8AC6144B396}.Release|Any CPU.ActiveCfg = Release|Any CPU
		{496066B8-1383-4D79-B214-A8AC6144B396}.Release|Any CPU.Build.0 = Release|Any CPU
		{EA436388-6F69-4B8D-8E29-66F06040E73C}.Debug|Any CPU.ActiveCfg = Debug|Any CPU
		{EA436388-6F69-4B8D-8E29-66F06040E73C}.Debug|Any CPU.Build.0 = Debug|Any CPU
		{EA436388-6F69-4B8D-8E29-66F06040E73C}.Release|Any CPU.ActiveCfg = Release|Any CPU
		{EA436388-6F69-4B8D-8E29-66F06040E73C}.Release|Any CPU.Build.0 = Release|Any CPU
	EndGlobalSection
	GlobalSection(SolutionProperties) = preSolution
		HideSolutionNode = FALSE
	EndGlobalSection
	GlobalSection(ExtensibilityGlobals) = postSolution
		SolutionGuid = {4FB64CDB-B8AF-4EAD-B53E-2F6D43D179DC}
	EndGlobalSection
EndGlobal
